// !$*UTF8*$!
{
	archiveVersion = 1;
	classes = {
	};
	objectVersion = 46;
	objects = {

/* Begin PBXBuildFile section */
		4D21E28115F6078B00846684 /* UIKit.framework in Frameworks */ = {isa = PBXBuildFile; fileRef = 4D21E28015F6078B00846684 /* UIKit.framework */; };
		4D21E28315F6078B00846684 /* Foundation.framework in Frameworks */ = {isa = PBXBuildFile; fileRef = 4D21E28215F6078B00846684 /* Foundation.framework */; };
		4D21E28515F6078B00846684 /* CoreGraphics.framework in Frameworks */ = {isa = PBXBuildFile; fileRef = 4D21E28415F6078B00846684 /* CoreGraphics.framework */; };
		4D21E28B15F6078B00846684 /* InfoPlist.strings in Resources */ = {isa = PBXBuildFile; fileRef = 4D21E28915F6078B00846684 /* InfoPlist.strings */; };
		4D21E28D15F6078B00846684 /* main.m in Sources */ = {isa = PBXBuildFile; fileRef = 4D21E28C15F6078B00846684 /* main.m */; };
		4D21E29115F6078B00846684 /* NMAppDelegate.m in Sources */ = {isa = PBXBuildFile; fileRef = 4D21E29015F6078B00846684 /* NMAppDelegate.m */; };
		4D21E29415F6078B00846684 /* NMViewController.m in Sources */ = {isa = PBXBuildFile; fileRef = 4D21E29315F6078B00846684 /* NMViewController.m */; };
		4D21E29715F6078B00846684 /* NMViewController.xib in Resources */ = {isa = PBXBuildFile; fileRef = 4D21E29515F6078B00846684 /* NMViewController.xib */; };
/* End PBXBuildFile section */

/* Begin PBXFileReference section */
		4D21E27C15F6078B00846684 /* NetworkMonitor.app */ = {isa = PBXFileReference; explicitFileType = wrapper.application; includeInIndex = 0; path = NetworkMonitor.app; sourceTree = BUILT_PRODUCTS_DIR; };
		4D21E28015F6078B00846684 /* UIKit.framework */ = {isa = PBXFileReference; lastKnownFileType = wrapper.framework; name = UIKit.framework; path = System/Library/Frameworks/UIKit.framework; sourceTree = SDKROOT; };
		4D21E28215F6078B00846684 /* Foundation.framework */ = {isa = PBXFileReference; lastKnownFileType = wrapper.framework; name = Foundation.framework; path = System/Library/Frameworks/Foundation.framework; sourceTree = SDKROOT; };
		4D21E28415F6078B00846684 /* CoreGraphics.framework */ = {isa = PBXFileReference; lastKnownFileType = wrapper.framework; name = CoreGraphics.framework; path = System/Library/Frameworks/CoreGraphics.framework; sourceTree = SDKROOT; };
		4D21E28815F6078B00846684 /* NetworkMonitor-Info.plist */ = {isa = PBXFileReference; lastKnownFileType = text.plist.xml; path = "NetworkMonitor-Info.plist"; sourceTree = "<group>"; };
		4D21E28A15F6078B00846684 /* en */ = {isa = PBXFileReference; lastKnownFileType = text.plist.strings; name = en; path = en.lproj/InfoPlist.strings; sourceTree = "<group>"; };
		4D21E28C15F6078B00846684 /* main.m */ = {isa = PBXFileReference; lastKnownFileType = sourcecode.c.objc; path = main.m; sourceTree = "<group>"; };
		4D21E28E15F6078B00846684 /* NetworkMonitor-Prefix.pch */ = {isa = PBXFileReference; lastKnownFileType = sourcecode.c.h; path = "NetworkMonitor-Prefix.pch"; sourceTree = "<group>"; };
		4D21E28F15F6078B00846684 /* NMAppDelegate.h */ = {isa = PBXFileReference; lastKnownFileType = sourcecode.c.h; path = NMAppDelegate.h; sourceTree = "<group>"; };
		4D21E29015F6078B00846684 /* NMAppDelegate.m */ = {isa = PBXFileReference; lastKnownFileType = sourcecode.c.objc; path = NMAppDelegate.m; sourceTree = "<group>"; };
		4D21E29215F6078B00846684 /* NMViewController.h */ = {isa = PBXFileReference; lastKnownFileType = sourcecode.c.h; path = NMViewController.h; sourceTree = "<group>"; };
		4D21E29315F6078B00846684 /* NMViewController.m */ = {isa = PBXFileReference; lastKnownFileType = sourcecode.c.objc; path = NMViewController.m; sourceTree = "<group>"; };
		4D21E29615F6078B00846684 /* en */ = {isa = PBXFileReference; lastKnownFileType = file.xib; name = en; path = en.lproj/NMViewController.xib; sourceTree = "<group>"; };
/* End PBXFileReference section */

/* Begin PBXFrameworksBuildPhase section */
		4D21E27915F6078B00846684 /* Frameworks */ = {
			isa = PBXFrameworksBuildPhase;
			buildActionMask = 2147483647;
			files = (
				4D21E28115F6078B00846684 /* UIKit.framework in Frameworks */,
				4D21E28315F6078B00846684 /* Foundation.framework in Frameworks */,
				4D21E28515F6078B00846684 /* CoreGraphics.framework in Frameworks */,
			);
			runOnlyForDeploymentPostprocessing = 0;
		};
/* End PBXFrameworksBuildPhase section */

/* Begin PBXGroup section */
		4D21E27115F6078B00846684 = {
			isa = PBXGroup;
			children = (
				4D21E28615F6078B00846684 /* NetworkMonitor */,
				4D21E27F15F6078B00846684 /* Frameworks */,
				4D21E27D15F6078B00846684 /* Products */,
			);
			sourceTree = "<group>";
		};
		4D21E27D15F6078B00846684 /* Products */ = {
			isa = PBXGroup;
			children = (
				4D21E27C15F6078B00846684 /* NetworkMonitor.app */,
			);
			name = Products;
			sourceTree = "<group>";
		};
		4D21E27F15F6078B00846684 /* Frameworks */ = {
			isa = PBXGroup;
			children = (
				4D21E28015F6078B00846684 /* UIKit.framework */,
				4D21E28215F6078B00846684 /* Foundation.framework */,
				4D21E28415F6078B00846684 /* CoreGraphics.framework */,
			);
			name = Frameworks;
			sourceTree = "<group>";
		};
		4D21E28615F6078B00846684 /* NetworkMonitor */ = {
			isa = PBXGroup;
			children = (
				4D21E28F15F6078B00846684 /* NMAppDelegate.h */,
				4D21E29015F6078B00846684 /* NMAppDelegate.m */,
				4D21E29215F6078B00846684 /* NMViewController.h */,
				4D21E29315F6078B00846684 /* NMViewController.m */,
				4D21E29515F6078B00846684 /* NMViewController.xib */,
				4D21E28715F6078B00846684 /* Supporting Files */,
			);
			path = NetworkMonitor;
			sourceTree = "<group>";
		};
		4D21E28715F6078B00846684 /* Supporting Files */ = {
			isa = PBXGroup;
			children = (
				4D21E28815F6078B00846684 /* NetworkMonitor-Info.plist */,
				4D21E28915F6078B00846684 /* InfoPlist.strings */,
				4D21E28C15F6078B00846684 /* main.m */,
				4D21E28E15F6078B00846684 /* NetworkMonitor-Prefix.pch */,
			);
			name = "Supporting Files";
			sourceTree = "<group>";
		};
/* End PBXGroup section */

/* Begin PBXNativeTarget section */
		4D21E27B15F6078B00846684 /* NetworkMonitor */ = {
			isa = PBXNativeTarget;
			buildConfigurationList = 4D21E29A15F6078B00846684 /* Build configuration list for PBXNativeTarget "NetworkMonitor" */;
			buildPhases = (
				4D21E27815F6078B00846684 /* Sources */,
				4D21E27915F6078B00846684 /* Frameworks */,
				4D21E27A15F6078B00846684 /* Resources */,
			);
			buildRules = (
			);
			dependencies = (
			);
			name = NetworkMonitor;
			productName = NetworkMonitor;
			productReference = 4D21E27C15F6078B00846684 /* NetworkMonitor.app */;
			productType = "com.apple.product-type.application";
		};
/* End PBXNativeTarget section */

/* Begin PBXProject section */
		4D21E27315F6078B00846684 /* Project object */ = {
			isa = PBXProject;
			attributes = {
				CLASSPREFIX = NM;
				LastUpgradeCheck = 0440;
				ORGANIZATIONNAME = "Parthiv dave";
			};
			buildConfigurationList = 4D21E27615F6078B00846684 /* Build configuration list for PBXProject "NetworkMonitor" */;
			compatibilityVersion = "Xcode 3.2";
			developmentRegion = English;
			hasScannedForEncodings = 0;
			knownRegions = (
				en,
			);
			mainGroup = 4D21E27115F6078B00846684;
			productRefGroup = 4D21E27D15F6078B00846684 /* Products */;
			projectDirPath = "";
			projectRoot = "";
			targets = (
				4D21E27B15F6078B00846684 /* NetworkMonitor */,
			);
		};
/* End PBXProject section */

/* Begin PBXResourcesBuildPhase section */
		4D21E27A15F6078B00846684 /* Resources */ = {
			isa = PBXResourcesBuildPhase;
			buildActionMask = 2147483647;
			files = (
				4D21E28B15F6078B00846684 /* InfoPlist.strings in Resources */,
				4D21E29715F6078B00846684 /* NMViewController.xib in Resources */,
			);
			runOnlyForDeploymentPostprocessing = 0;
		};
/* End PBXResourcesBuildPhase section */

/* Begin PBXSourcesBuildPhase section */
		4D21E27815F6078B00846684 /* Sources */ = {
			isa = PBXSourcesBuildPhase;
			buildActionMask = 2147483647;
			files = (
				4D21E28D15F6078B00846684 /* main.m in Sources */,
				4D21E29115F6078B00846684 /* NMAppDelegate.m in Sources */,
				4D21E29415F6078B00846684 /* NMViewController.m in Sources */,
			);
			runOnlyForDeploymentPostprocessing = 0;
		};
/* End PBXSourcesBuildPhase section */

/* Begin PBXVariantGroup section */
		4D21E28915F6078B00846684 /* InfoPlist.strings */ = {
			isa = PBXVariantGroup;
			children = (
				4D21E28A15F6078B00846684 /* en */,
			);
			name = InfoPlist.strings;
			sourceTree = "<group>";
		};
		4D21E29515F6078B00846684 /* NMViewController.xib */ = {
			isa = PBXVariantGroup;
			children = (
				4D21E29615F6078B00846684 /* en */,
			);
			name = NMViewController.xib;
			sourceTree = "<group>";
		};
/* End PBXVariantGroup section */

/* Begin XCBuildConfiguration section */
		4D21E29815F6078B00846684 /* Debug */ = {
			isa = XCBuildConfiguration;
			buildSettings = {
				ALWAYS_SEARCH_USER_PATHS = NO;
				ARCHS = "$(ARCHS_STANDARD_32_BIT)";
				CLANG_CXX_LANGUAGE_STANDARD = "gnu++0x";
				CLANG_ENABLE_OBJC_ARC = YES;
				CLANG_WARN__DUPLICATE_METHOD_MATCH = YES;
				"CODE_SIGN_IDENTITY[sdk=iphoneos*]" = "iPhone Developer";
				COPY_PHASE_STRIP = NO;
				GCC_C_LANGUAGE_STANDARD = gnu99;
				GCC_DYNAMIC_NO_PIC = NO;
				GCC_OPTIMIZATION_LEVEL = 0;
				GCC_PREPROCESSOR_DEFINITIONS = (
					"DEBUG=1",
					"$(inherited)",
				);
				GCC_SYMBOLS_PRIVATE_EXTERN = NO;
				GCC_VERSION = com.apple.compilers.llvm.clang.1_0;
				GCC_WARN_ABOUT_RETURN_TYPE = YES;
				GCC_WARN_UNINITIALIZED_AUTOS = YES;
				GCC_WARN_UNUSED_VARIABLE = YES;
				IPHONEOS_DEPLOYMENT_TARGET = 5.1;
				SDKROOT = iphoneos;
			};
			name = Debug;
		};
		4D21E29915F6078B00846684 /* Release */ = {
			isa = XCBuildConfiguration;
			buildSettings = {
				ALWAYS_SEARCH_USER_PATHS = NO;
				ARCHS = "$(ARCHS_STANDARD_32_BIT)";
				CLANG_CXX_LANGUAGE_STANDARD = "gnu++0x";
				CLANG_ENABLE_OBJC_ARC = YES;
				CLANG_WARN__DUPLICATE_METHOD_MATCH = YES;
				"CODE_SIGN_IDENTITY[sdk=iphoneos*]" = "iPhone Developer";
				COPY_PHASE_STRIP = YES;
				GCC_C_LANGUAGE_STANDARD = gnu99;
				GCC_VERSION = com.apple.compilers.llvm.clang.1_0;
				GCC_WARN_ABOUT_RETURN_TYPE = YES;
				GCC_WARN_UNINITIALIZED_AUTOS = YES;
				GCC_WARN_UNUSED_VARIABLE = YES;
				IPHONEOS_DEPLOYMENT_TARGET = 5.1;
				OTHER_CFLAGS = "-DNS_BLOCK_ASSERTIONS=1";
				SDKROOT = iphoneos;
				VALIDATE_PRODUCT = YES;
			};
			name = Release;
		};
		4D21E29B15F6078B00846684 /* Debug */ = {
			isa = XCBuildConfiguration;
			buildSettings = {
				GCC_PRECOMPILE_PREFIX_HEADER = YES;
				GCC_PREFIX_HEADER = "NetworkMonitor/NetworkMonitor-Prefix.pch";
				INFOPLIST_FILE = "NetworkMonitor/NetworkMonitor-Info.plist";
				PRODUCT_NAME = "$(TARGET_NAME)";
				WRAPPER_EXTENSION = app;
			};
			name = Debug;
		};
		4D21E29C15F6078B00846684 /* Release */ = {
			isa = XCBuildConfiguration;
			buildSettings = {
				GCC_PRECOMPILE_PREFIX_HEADER = YES;
				GCC_PREFIX_HEADER = "NetworkMonitor/NetworkMonitor-Prefix.pch";
				INFOPLIST_FILE = "NetworkMonitor/NetworkMonitor-Info.plist";
				PRODUCT_NAME = "$(TARGET_NAME)";
				WRAPPER_EXTENSION = app;
			};
			name = Release;
		};
/* End XCBuildConfiguration section */

/* Begin XCConfigurationList section */
		4D21E27615F6078B00846684 /* Build configuration list for PBXProject "NetworkMonitor" */ = {
			isa = XCConfigurationList;
			buildConfigurations = (
				4D21E29815F6078B00846684 /* Debug */,
				4D21E29915F6078B00846684 /* Release */,
			);
			defaultConfigurationIsVisible = 0;
			defaultConfigurationName = Release;
		};
		4D21E29A15F6078B00846684 /* Build configuration list for PBXNativeTarget "NetworkMonitor" */ = {
			isa = XCConfigurationList;
			buildConfigurations = (
				4D21E29B15F6078B00846684 /* Debug */,
				4D21E29C15F6078B00846684 /* Release */,
			);
			defaultConfigurationIsVisible = 0;
		};
/* End XCConfigurationList section */
	};
	rootObject = 4D21E27315F6078B00846684 /* Project object */;
}
